
Microsoft Visual Studio Solution File, Format Version 11.00
# Visual Studio 2010
Project("{FAE04EC0-301F-11D3-BF4B-00C04F79EFBC}") = "PMU", "PMU.csproj", "{9789A1F3-E407-48A0-B21D-2B40587979B2}"
	ProjectSection(ProjectDependencies) = postProject
		{6CCC9866-2117-4E48-B381-CED8DF7014C8} = {6CCC9866-2117-4E48-B381-CED8DF7014C8}
	EndProjectSection
EndProject
Project("{2150E333-8FDC-42A3-9474-1A3956D46DE8}") = "Services", "Services", "{33042F3B-CA8B-4BDB-93D1-57E1C80BA924}"
EndProject
Project("{2150E333-8FDC-42A3-9474-1A3956D46DE8}") = "PMUServices", "PMUServices", "{E8BABCD1-AC27-47B3-836B-7BD1A0B6D7DC}"
EndProject
Project("{FAE04EC0-301F-11D3-BF4B-00C04F79EFBC}") = "PMUDal", "..\PMUServices\PMUDal\PMUDal.csproj", "{9AF23BCA-9CFA-4609-A6C2-F0E9AE3BFD52}"
EndProject
Project("{FAE04EC0-301F-11D3-BF4B-00C04F79EFBC}") = "PMULogic", "..\PMUServices\PMULogic\PMULogic.csproj", "{8C77BD0C-B847-46D9-903C-4AE3335ACC98}"
EndProject
Project("{FAE04EC0-301F-11D3-BF4B-00C04F79EFBC}") = "PMUService.Contracts", "..\PMUServices\PMUService\PMUService.Contracts.csproj", "{65AA4823-5269-419F-AF72-503B4719EFBB}"
EndProject
Project("{FAE04EC0-301F-11D3-BF4B-00C04F79EFBC}") = "PMUServiceHost", "..\PMUServices\PMUServicehost\PMUServiceHost\PMUServiceHost.csproj", "{6CCC9866-2117-4E48-B381-CED8DF7014C8}"
EndProject
Project("{FAE04EC0-301F-11D3-BF4B-00C04F79EFBC}") = "PMUServiceLibrary", "..\PMUServices\PMUServiceLibrary\PMUServiceLibrary\PMUServiceLibrary.csproj", "{AC5CD320-2593-44E9-B1F5-249F455B1E91}"
EndProject
Global
	GlobalSection(SolutionConfigurationPlatforms) = preSolution
		Debug|Any CPU = Debug|Any CPU
		Release|Any CPU = Release|Any CPU
	EndGlobalSection
	GlobalSection(ProjectConfigurationPlatforms) = postSolution
		{9789A1F3-E407-48A0-B21D-2B40587979B2}.Debug|Any CPU.ActiveCfg = Debug|Any CPU
		{9789A1F3-E407-48A0-B21D-2B40587979B2}.Debug|Any CPU.Build.0 = Debug|Any CPU
		{9789A1F3-E407-48A0-B21D-2B40587979B2}.Release|Any CPU.ActiveCfg = Release|Any CPU
		{9789A1F3-E407-48A0-B21D-2B40587979B2}.Release|Any CPU.Build.0 = Release|Any CPU
		{9AF23BCA-9CFA-4609-A6C2-F0E9AE3BFD52}.Debug|Any CPU.ActiveCfg = Debug|Any CPU
		{9AF23BCA-9CFA-4609-A6C2-F0E9AE3BFD52}.Debug|Any CPU.Build.0 = Debug|Any CPU
		{9AF23BCA-9CFA-4609-A6C2-F0E9AE3BFD52}.Release|Any CPU.ActiveCfg = Release|Any CPU
		{9AF23BCA-9CFA-4609-A6C2-F0E9AE3BFD52}.Release|Any CPU.Build.0 = Release|Any CPU
		{8C77BD0C-B847-46D9-903C-4AE3335ACC98}.Debug|Any CPU.ActiveCfg = Debug|Any CPU
		{8C77BD0C-B847-46D9-903C-4AE3335ACC98}.Debug|Any CPU.Build.0 = Debug|Any CPU
		{8C77BD0C-B847-46D9-903C-4AE3335ACC98}.Release|Any CPU.ActiveCfg = Release|Any CPU
		{8C77BD0C-B847-46D9-903C-4AE3335ACC98}.Release|Any CPU.Build.0 = Release|Any CPU
		{65AA4823-5269-419F-AF72-503B4719EFBB}.Debug|Any CPU.ActiveCfg = Debug|Any CPU
		{65AA4823-5269-419F-AF72-503B4719EFBB}.Debug|Any CPU.Build.0 = Debug|Any CPU
		{65AA4823-5269-419F-AF72-503B4719EFBB}.Release|Any CPU.ActiveCfg = Release|Any CPU
		{65AA4823-5269-419F-AF72-503B4719EFBB}.Release|Any CPU.Build.0 = Release|Any CPU
		{6CCC9866-2117-4E48-B381-CED8DF7014C8}.Debug|Any CPU.ActiveCfg = Debug|Any CPU
		{6CCC9866-2117-4E48-B381-CED8DF7014C8}.Debug|Any CPU.Build.0 = Debug|Any CPU
		{6CCC9866-2117-4E48-B381-CED8DF7014C8}.Release|Any CPU.ActiveCfg = Release|Any CPU
		{6CCC9866-2117-4E48-B381-CED8DF7014C8}.Release|Any CPU.Build.0 = Release|Any CPU
		{AC5CD320-2593-44E9-B1F5-249F455B1E91}.Debug|Any CPU.ActiveCfg = Debug|Any CPU
		{AC5CD320-2593-44E9-B1F5-249F455B1E91}.Debug|Any CPU.Build.0 = Debug|Any CPU
		{AC5CD320-2593-44E9-B1F5-249F455B1E91}.Release|Any CPU.ActiveCfg = Release|Any CPU
		{AC5CD320-2593-44E9-B1F5-249F455B1E91}.Release|Any CPU.Build.0 = Release|Any CPU
	EndGlobalSection
	GlobalSection(SolutionProperties) = preSolution
		HideSolutionNode = FALSE
	EndGlobalSection
	GlobalSection(NestedProjects) = preSolution
		{E8BABCD1-AC27-47B3-836B-7BD1A0B6D7DC} = {33042F3B-CA8B-4BDB-93D1-57E1C80BA924}
		{9AF23BCA-9CFA-4609-A6C2-F0E9AE3BFD52} = {E8BABCD1-AC27-47B3-836B-7BD1A0B6D7DC}
		{8C77BD0C-B847-46D9-903C-4AE3335ACC98} = {E8BABCD1-AC27-47B3-836B-7BD1A0B6D7DC}
		{65AA4823-5269-419F-AF72-503B4719EFBB} = {E8BABCD1-AC27-47B3-836B-7BD1A0B6D7DC}
		{6CCC9866-2117-4E48-B381-CED8DF7014C8} = {E8BABCD1-AC27-47B3-836B-7BD1A0B6D7DC}
		{AC5CD320-2593-44E9-B1F5-249F455B1E91} = {E8BABCD1-AC27-47B3-836B-7BD1A0B6D7DC}
	EndGlobalSection
EndGlobal
